
Microsoft Visual Studio Solution File, Format Version 12.00
# Visual Studio Version 17
VisualStudioVersion = 17.0.31903.59
MinimumVisualStudioVersion = 10.0.40219.1
Project("{FAE04EC0-301F-11D3-BF4B-00C04F79EFBC}") = "MyBlazorApp", "MyBlazorApp\MyBlazorApp.csproj", "{28432E9A-C5F6-456F-9A8C-4019F82293D9}"
EndProject
Project("{FAE04EC0-301F-11D3-BF4B-00C04F79EFBC}") = "MyBlazorApp.Tests", "MyBlazorApp.Tests\MyBlazorApp.Tests.csproj", "{9EEAA5CD-A98E-4A1C-8E82-C7025A19ECF9}"
EndProject
Project("{FAE04EC0-301F-11D3-BF4B-00C04F79EFBC}") = "QcFlowLibrary", "QcFlowLibrary\QcFlowLibrary.csproj", "{224D8CA3-E175-40A6-9B4B-64AFF38BD7C0}"
EndProject
Global
	GlobalSection(SolutionConfigurationPlatforms) = preSolution
		Debug|Any CPU = Debug|Any CPU
		Release|Any CPU = Release|Any CPU
	EndGlobalSection
	GlobalSection(SolutionProperties) = preSolution
		HideSolutionNode = FALSE
	EndGlobalSection
	GlobalSection(ProjectConfigurationPlatforms) = postSolution
		{28432E9A-C5F6-456F-9A8C-4019F82293D9}.Debug|Any CPU.ActiveCfg = Debug|Any CPU
		{28432E9A-C5F6-456F-9A8C-4019F82293D9}.Debug|Any CPU.Build.0 = Debug|Any CPU
		{28432E9A-C5F6-456F-9A8C-4019F82293D9}.Release|Any CPU.ActiveCfg = Release|Any CPU
		{28432E9A-C5F6-456F-9A8C-4019F82293D9}.Release|Any CPU.Build.0 = Release|Any CPU
		{9EEAA5CD-A98E-4A1C-8E82-C7025A19ECF9}.Debug|Any CPU.ActiveCfg = Debug|Any CPU
		{9EEAA5CD-A98E-4A1C-8E82-C7025A19ECF9}.Debug|Any CPU.Build.0 = Debug|Any CPU
		{9EEAA5CD-A98E-4A1C-8E82-C7025A19ECF9}.Release|Any CPU.ActiveCfg = Release|Any CPU
		{9EEAA5CD-A98E-4A1C-8E82-C7025A19ECF9}.Release|Any CPU.Build.0 = Release|Any CPU
		{224D8CA3-E175-40A6-9B4B-64AFF38BD7C0}.Debug|Any CPU.ActiveCfg = Debug|Any CPU
		{224D8CA3-E175-40A6-9B4B-64AFF38BD7C0}.Debug|Any CPU.Build.0 = Debug|Any CPU
		{224D8CA3-E175-40A6-9B4B-64AFF38BD7C0}.Release|Any CPU.ActiveCfg = Release|Any CPU
		{224D8CA3-E175-40A6-9B4B-64AFF38BD7C0}.Release|Any CPU.Build.0 = Release|Any CPU
	EndGlobalSection
EndGlobal
